{
  "name": "brasenplus",
  "lockfileVersion": 3,
  "requires": true,
  "packages": {
    "": {
      "dependencies": {
        "cobe": "^0.6.5"
      }
    },
    "node_modules/cobe": {
      "version": "0.6.5",
      "resolved": "https://registry.npmjs.org/cobe/-/cobe-0.6.5.tgz",
      "integrity": "sha512-MA8bu81EFY6JjQpj+FovEuhyJ25khx2Q7Lh+ot/UkCJe5yKyDgzdc6u2lGZIOmsZTXK6Itg1i4lQZIJZbPWnAg==",
      "license": "MIT",
      "dependencies": {
        "phenomenon": "^1.6.0"
      }
    },
    "node_modules/phenomenon": {
      "version": "1.6.0",
      "resolved": "https://registry.npmjs.org/phenomenon/-/phenomenon-1.6.0.tgz",
      "integrity": "sha512-7h9/fjPD3qNlgggzm88cY58l9sudZ6Ey+UmZsizfhtawO6E3srZQXywaNm2lBwT72TbpHYRPy7ytIHeBUD/G0A==",
      "license": "MIT"
    }
  }
}
